
Microsoft Visual Studio Solution File, Format Version 12.00
# Visual Studio Version 17
VisualStudioVersion = 17.6.33815.320
MinimumVisualStudioVersion = 10.0.40219.1
Project("{FAE04EC0-301F-11D3-BF4B-00C04F79EFBC}") = "MovieLibrary", "MovieLibrary\MovieLibrary.csproj", "{CE088D1E-006D-4DF6-8B7F-A7511CFEFE0F}"
EndProject
Global
	GlobalSection(SolutionConfigurationPlatforms) = preSolution
		Debug|Any CPU = Debug|Any CPU
		Release|Any CPU = Release|Any CPU
	EndGlobalSection
	GlobalSection(ProjectConfigurationPlatforms) = postSolution
		{CE088D1E-006D-4DF6-8B7F-A7511CFEFE0F}.Debug|Any CPU.ActiveCfg = Debug|Any CPU
		{CE088D1E-006D-4DF6-8B7F-A7511CFEFE0F}.Debug|Any CPU.Build.0 = Debug|Any CPU
		{CE088D1E-006D-4DF6-8B7F-A7511CFEFE0F}.Release|Any CPU.ActiveCfg = Release|Any CPU
		{CE088D1E-006D-4DF6-8B7F-A7511CFEFE0F}.Release|Any CPU.Build.0 = Release|Any CPU
	EndGlobalSection
	GlobalSection(SolutionProperties) = preSolution
		HideSolutionNode = FALSE
	EndGlobalSection
	GlobalSection(ExtensibilityGlobals) = postSolution
		SolutionGuid = {29139F1A-58A5-4972-A61E-E30BBEACCDB7}
	EndGlobalSection
EndGlobal
